
Microsoft Visual Studio Solution File, Format Version 12.00
# Visual Studio Version 17
VisualStudioVersion = 17.5.33516.290
MinimumVisualStudioVersion = 10.0.40219.1
Project("{FAE04EC0-301F-11D3-BF4B-00C04F79EFBC}") = "VideoGameStoreAPI", "VideoGameStoreAPI\VideoGameStoreAPI.csproj", "{05A0F886-1B5C-4F8F-BAFC-FC0735AE59A0}"
EndProject
Project("{FAE04EC0-301F-11D3-BF4B-00C04F79EFBC}") = "API.Service", "API.Service\API.Service.csproj", "{01110EB9-46D9-4788-897E-ADFAC0728011}"
EndProject
Project("{FAE04EC0-301F-11D3-BF4B-00C04F79EFBC}") = "API.Repository", "API.Repository\API.Repository.csproj", "{D1A62706-6FA0-4E27-9273-A2562E1565A9}"
EndProject
Project("{9A19103F-16F7-4668-BE54-9A1E7A4F7556}") = "VGS.Shared", "..\VideoGameStore\VGS.Shared\VGS.Shared.csproj", "{E5F10CAC-47D7-444E-BC48-18909A854E8F}"
EndProject
Global
	GlobalSection(SolutionConfigurationPlatforms) = preSolution
		Debug|Any CPU = Debug|Any CPU
		Release|Any CPU = Release|Any CPU
	EndGlobalSection
	GlobalSection(ProjectConfigurationPlatforms) = postSolution
		{05A0F886-1B5C-4F8F-BAFC-FC0735AE59A0}.Debug|Any CPU.ActiveCfg = Debug|Any CPU
		{05A0F886-1B5C-4F8F-BAFC-FC0735AE59A0}.Debug|Any CPU.Build.0 = Debug|Any CPU
		{05A0F886-1B5C-4F8F-BAFC-FC0735AE59A0}.Release|Any CPU.ActiveCfg = Release|Any CPU
		{05A0F886-1B5C-4F8F-BAFC-FC0735AE59A0}.Release|Any CPU.Build.0 = Release|Any CPU
		{01110EB9-46D9-4788-897E-ADFAC0728011}.Debug|Any CPU.ActiveCfg = Debug|Any CPU
		{01110EB9-46D9-4788-897E-ADFAC0728011}.Debug|Any CPU.Build.0 = Debug|Any CPU
		{01110EB9-46D9-4788-897E-ADFAC0728011}.Release|Any CPU.ActiveCfg = Release|Any CPU
		{01110EB9-46D9-4788-897E-ADFAC0728011}.Release|Any CPU.Build.0 = Release|Any CPU
		{D1A62706-6FA0-4E27-9273-A2562E1565A9}.Debug|Any CPU.ActiveCfg = Debug|Any CPU
		{D1A62706-6FA0-4E27-9273-A2562E1565A9}.Debug|Any CPU.Build.0 = Debug|Any CPU
		{D1A62706-6FA0-4E27-9273-A2562E1565A9}.Release|Any CPU.ActiveCfg = Release|Any CPU
		{D1A62706-6FA0-4E27-9273-A2562E1565A9}.Release|Any CPU.Build.0 = Release|Any CPU
		{E5F10CAC-47D7-444E-BC48-18909A854E8F}.Debug|Any CPU.ActiveCfg = Debug|Any CPU
		{E5F10CAC-47D7-444E-BC48-18909A854E8F}.Debug|Any CPU.Build.0 = Debug|Any CPU
		{E5F10CAC-47D7-444E-BC48-18909A854E8F}.Release|Any CPU.ActiveCfg = Release|Any CPU
		{E5F10CAC-47D7-444E-BC48-18909A854E8F}.Release|Any CPU.Build.0 = Release|Any CPU
	EndGlobalSection
	GlobalSection(SolutionProperties) = preSolution
		HideSolutionNode = FALSE
	EndGlobalSection
	GlobalSection(ExtensibilityGlobals) = postSolution
		SolutionGuid = {E43D8BC7-E6FC-4497-942A-9E8465D04D11}
	EndGlobalSection
EndGlobal
